
Microsoft Visual Studio Solution File, Format Version 12.00
# Visual Studio Version 16
VisualStudioVersion = 16.0.29613.14
MinimumVisualStudioVersion = 10.0.40219.1
Project("{FAE04EC0-301F-11D3-BF4B-00C04F79EFBC}") = "ePSXeArchiveLauncher", "ePSXeArchiveLauncher\ePSXeArchiveLauncher.csproj", "{1EF624A9-FC47-4026-B068-E51F6C57BCF7}"
EndProject
Global
	GlobalSection(SolutionConfigurationPlatforms) = preSolution
		Debug|Any CPU = Debug|Any CPU
		Release|Any CPU = Release|Any CPU
	EndGlobalSection
	GlobalSection(ProjectConfigurationPlatforms) = postSolution
		{1EF624A9-FC47-4026-B068-E51F6C57BCF7}.Debug|Any CPU.ActiveCfg = Debug|Any CPU
		{1EF624A9-FC47-4026-B068-E51F6C57BCF7}.Debug|Any CPU.Build.0 = Debug|Any CPU
		{1EF624A9-FC47-4026-B068-E51F6C57BCF7}.Release|Any CPU.ActiveCfg = Release|Any CPU
		{1EF624A9-FC47-4026-B068-E51F6C57BCF7}.Release|Any CPU.Build.0 = Release|Any CPU
	EndGlobalSection
	GlobalSection(SolutionProperties) = preSolution
		HideSolutionNode = FALSE
	EndGlobalSection
	GlobalSection(ExtensibilityGlobals) = postSolution
		SolutionGuid = {48E0EE77-387C-46BF-98B1-EF2AB8950E24}
	EndGlobalSection
EndGlobal
